
Microsoft Visual Studio Solution File, Format Version 12.00
# Visual Studio Version 16
VisualStudioVersion = 16.0.32929.386
MinimumVisualStudioVersion = 10.0.40219.1
Project("{FAE04EC0-301F-11D3-BF4B-00C04F79EFBC}") = "T_Komp_proj", "T_Komp_proj\T_Komp_proj.csproj", "{09D56CB3-6DFD-428D-9A69-40B787494054}"
EndProject
Global
	GlobalSection(SolutionConfigurationPlatforms) = preSolution
		Debug|Any CPU = Debug|Any CPU
		Release|Any CPU = Release|Any CPU
	EndGlobalSection
	GlobalSection(ProjectConfigurationPlatforms) = postSolution
		{09D56CB3-6DFD-428D-9A69-40B787494054}.Debug|Any CPU.ActiveCfg = Debug|Any CPU
		{09D56CB3-6DFD-428D-9A69-40B787494054}.Debug|Any CPU.Build.0 = Debug|Any CPU
		{09D56CB3-6DFD-428D-9A69-40B787494054}.Release|Any CPU.ActiveCfg = Release|Any CPU
		{09D56CB3-6DFD-428D-9A69-40B787494054}.Release|Any CPU.Build.0 = Release|Any CPU
	EndGlobalSection
	GlobalSection(SolutionProperties) = preSolution
		HideSolutionNode = FALSE
	EndGlobalSection
	GlobalSection(ExtensibilityGlobals) = postSolution
		SolutionGuid = {D0561722-6C45-4683-A810-F433AB4B6197}
	EndGlobalSection
EndGlobal
